
Microsoft Visual Studio Solution File, Format Version 12.00
# Visual Studio Version 16
VisualStudioVersion = 16.0.30907.101
MinimumVisualStudioVersion = 10.0.40219.1
Project("{FAE04EC0-301F-11D3-BF4B-00C04F79EFBC}") = "BotTelegramm", "BotTelegramm\BotTelegramm.csproj", "{46FBF641-23AC-4257-9102-AFE732B0EAB2}"
EndProject
Global
	GlobalSection(SolutionConfigurationPlatforms) = preSolution
		Debug|Any CPU = Debug|Any CPU
		Release|Any CPU = Release|Any CPU
	EndGlobalSection
	GlobalSection(ProjectConfigurationPlatforms) = postSolution
		{46FBF641-23AC-4257-9102-AFE732B0EAB2}.Debug|Any CPU.ActiveCfg = Debug|Any CPU
		{46FBF641-23AC-4257-9102-AFE732B0EAB2}.Debug|Any CPU.Build.0 = Debug|Any CPU
		{46FBF641-23AC-4257-9102-AFE732B0EAB2}.Release|Any CPU.ActiveCfg = Release|Any CPU
		{46FBF641-23AC-4257-9102-AFE732B0EAB2}.Release|Any CPU.Build.0 = Release|Any CPU
	EndGlobalSection
	GlobalSection(SolutionProperties) = preSolution
		HideSolutionNode = FALSE
	EndGlobalSection
	GlobalSection(ExtensibilityGlobals) = postSolution
		SolutionGuid = {9F6391DD-1842-49E6-9DBF-660B27DDE8AF}
	EndGlobalSection
EndGlobal
